// !$*UTF8*$!
{
	archiveVersion = 1;
	classes = {
	};
	objectVersion = 46;
	objects = {

/* Begin PBXBuildFile section */
		36E687961C40EF8B0050B9E3 /* main.c in Sources */ = {isa = PBXBuildFile; fileRef = 36E687931C40EF8B0050B9E3 /* main.c */; settings = {ASSET_TAGS = (); }; };
		36E687971C40EF8B0050B9E3 /* Nv16To422.c in Sources */ = {isa = PBXBuildFile; fileRef = 36E687941C40EF8B0050B9E3 /* Nv16To422.c */; settings = {ASSET_TAGS = (); }; };
/* End PBXBuildFile section */

/* Begin PBXCopyFilesBuildPhase section */
		363A40CE1BB7F7C800342C0E /* CopyFiles */ = {
			isa = PBXCopyFilesBuildPhase;
			buildActionMask = 2147483647;
			dstPath = /usr/share/man/man1/;
			dstSubfolderSpec = 0;
			files = (
			);
			runOnlyForDeploymentPostprocessing = 1;
		};
/* End PBXCopyFilesBuildPhase section */

/* Begin PBXFileReference section */
		363A40D01BB7F7C800342C0E /* Nv16To422 */ = {isa = PBXFileReference; explicitFileType = "compiled.mach-o.executable"; includeInIndex = 0; path = Nv16To422; sourceTree = BUILT_PRODUCTS_DIR; };
		36E687931C40EF8B0050B9E3 /* main.c */ = {isa = PBXFileReference; fileEncoding = 4; lastKnownFileType = sourcecode.c.c; path = main.c; sourceTree = SOURCE_ROOT; };
		36E687941C40EF8B0050B9E3 /* Nv16To422.c */ = {isa = PBXFileReference; fileEncoding = 4; lastKnownFileType = sourcecode.c.c; path = Nv16To422.c; sourceTree = SOURCE_ROOT; };
		36E687951C40EF8B0050B9E3 /* Nv16To422.h */ = {isa = PBXFileReference; fileEncoding = 4; lastKnownFileType = sourcecode.c.h; path = Nv16To422.h; sourceTree = SOURCE_ROOT; };
/* End PBXFileReference section */

/* Begin PBXFrameworksBuildPhase section */
		363A40CD1BB7F7C800342C0E /* Frameworks */ = {
			isa = PBXFrameworksBuildPhase;
			buildActionMask = 2147483647;
			files = (
			);
			runOnlyForDeploymentPostprocessing = 0;
		};
/* End PBXFrameworksBuildPhase section */

/* Begin PBXGroup section */
		363A40C71BB7F7C800342C0E = {
			isa = PBXGroup;
			children = (
				363A40D21BB7F7C800342C0E /* Nv16To422 */,
				363A40D11BB7F7C800342C0E /* Products */,
			);
			sourceTree = "<group>";
		};
		363A40D11BB7F7C800342C0E /* Products */ = {
			isa = PBXGroup;
			children = (
				363A40D01BB7F7C800342C0E /* Nv16To422 */,
			);
			name = Products;
			sourceTree = "<group>";
		};
		363A40D21BB7F7C800342C0E /* Nv16To422 */ = {
			isa = PBXGroup;
			children = (
				36E687931C40EF8B0050B9E3 /* main.c */,
				36E687941C40EF8B0050B9E3 /* Nv16To422.c */,
				36E687951C40EF8B0050B9E3 /* Nv16To422.h */,
			);
			path = Nv16To422;
			sourceTree = "<group>";
		};
/* End PBXGroup section */

/* Begin PBXNativeTarget section */
		363A40CF1BB7F7C800342C0E /* Nv16To422 */ = {
			isa = PBXNativeTarget;
			buildConfigurationList = 363A40D71BB7F7C800342C0E /* Build configuration list for PBXNativeTarget "Nv16To422" */;
			buildPhases = (
				363A40CC1BB7F7C800342C0E /* Sources */,
				363A40CD1BB7F7C800342C0E /* Frameworks */,
				363A40CE1BB7F7C800342C0E /* CopyFiles */,
			);
			buildRules = (
			);
			dependencies = (
			);
			name = Nv16To422;
			productName = Nv16To422;
			productReference = 363A40D01BB7F7C800342C0E /* Nv16To422 */;
			productType = "com.apple.product-type.tool";
		};
/* End PBXNativeTarget section */

/* Begin PBXProject section */
		363A40C81BB7F7C800342C0E /* Project object */ = {
			isa = PBXProject;
			attributes = {
				LastUpgradeCheck = 0700;
				ORGANIZATIONNAME = "Hank Lee";
				TargetAttributes = {
					363A40CF1BB7F7C800342C0E = {
						CreatedOnToolsVersion = 7.0;
					};
				};
			};
			buildConfigurationList = 363A40CB1BB7F7C800342C0E /* Build configuration list for PBXProject "Nv16To422" */;
			compatibilityVersion = "Xcode 3.2";
			developmentRegion = English;
			hasScannedForEncodings = 0;
			knownRegions = (
				en,
			);
			mainGroup = 363A40C71BB7F7C800342C0E;
			productRefGroup = 363A40D11BB7F7C800342C0E /* Products */;
			projectDirPath = "";
			projectRoot = "";
			targets = (
				363A40CF1BB7F7C800342C0E /* Nv16To422 */,
			);
		};
/* End PBXProject section */

/* Begin PBXSourcesBuildPhase section */
		363A40CC1BB7F7C800342C0E /* Sources */ = {
			isa = PBXSourcesBuildPhase;
			buildActionMask = 2147483647;
			files = (
				36E687971C40EF8B0050B9E3 /* Nv16To422.c in Sources */,
				36E687961C40EF8B0050B9E3 /* main.c in Sources */,
			);
			runOnlyForDeploymentPostprocessing = 0;
		};
/* End PBXSourcesBuildPhase section */

/* Begin XCBuildConfiguration section */
		363A40D51BB7F7C800342C0E /* Debug */ = {
			isa = XCBuildConfiguration;
			buildSettings = {
				ALWAYS_SEARCH_USER_PATHS = NO;
				CLANG_CXX_LANGUAGE_STANDARD = "gnu++0x";
				CLANG_CXX_LIBRARY = "libc++";
				CLANG_ENABLE_MODULES = YES;
				CLANG_ENABLE_OBJC_ARC = YES;
				CLANG_WARN_BOOL_CONVERSION = YES;
				CLANG_WARN_CONSTANT_CONVERSION = YES;
				CLANG_WARN_DIRECT_OBJC_ISA_USAGE = YES_ERROR;
				CLANG_WARN_EMPTY_BODY = YES;
				CLANG_WARN_ENUM_CONVERSION = YES;
				CLANG_WARN_INT_CONVERSION = YES;
				CLANG_WARN_OBJC_ROOT_CLASS = YES_ERROR;
				CLANG_WARN_UNREACHABLE_CODE = YES;
				CLANG_WARN__DUPLICATE_METHOD_MATCH = YES;
				COPY_PHASE_STRIP = NO;
				DEBUG_INFORMATION_FORMAT = dwarf;
				ENABLE_STRICT_OBJC_MSGSEND = YES;
				ENABLE_TESTABILITY = YES;
				GCC_C_LANGUAGE_STANDARD = gnu99;
				GCC_DYNAMIC_NO_PIC = NO;
				GCC_NO_COMMON_BLOCKS = YES;
				GCC_OPTIMIZATION_LEVEL = 0;
				GCC_PREPROCESSOR_DEFINITIONS = (
					"DEBUG=1",
					"$(inherited)",
				);
				GCC_WARN_64_TO_32_BIT_CONVERSION = YES;
				GCC_WARN_ABOUT_RETURN_TYPE = YES_ERROR;
				GCC_WARN_UNDECLARED_SELECTOR = YES;
				GCC_WARN_UNINITIALIZED_AUTOS = YES_AGGRESSIVE;
				GCC_WARN_UNUSED_FUNCTION = YES;
				GCC_WARN_UNUSED_VARIABLE = YES;
				MACOSX_DEPLOYMENT_TARGET = 10.11;
				MTL_ENABLE_DEBUG_INFO = YES;
				ONLY_ACTIVE_ARCH = YES;
				SDKROOT = macosx;
			};
			name = Debug;
		};
		363A40D61BB7F7C800342C0E /* Release */ = {
			isa = XCBuildConfiguration;
			buildSettings = {
				ALWAYS_SEARCH_USER_PATHS = NO;
				CLANG_CXX_LANGUAGE_STANDARD = "gnu++0x";
				CLANG_CXX_LIBRARY = "libc++";
				CLANG_ENABLE_MODULES = YES;
				CLANG_ENABLE_OBJC_ARC = YES;
				CLANG_WARN_BOOL_CONVERSION = YES;
				CLANG_WARN_CONSTANT_CONVERSION = YES;
				CLANG_WARN_DIRECT_OBJC_ISA_USAGE = YES_ERROR;
				CLANG_WARN_EMPTY_BODY = YES;
				CLANG_WARN_ENUM_CONVERSION = YES;
				CLANG_WARN_INT_CONVERSION = YES;
				CLANG_WARN_OBJC_ROOT_CLASS = YES_ERROR;
				CLANG_WARN_UNREACHABLE_CODE = YES;
				CLANG_WARN__DUPLICATE_METHOD_MATCH = YES;
				COPY_PHASE_STRIP = NO;
				DEBUG_INFORMATION_FORMAT = "dwarf-with-dsym";
				ENABLE_NS_ASSERTIONS = NO;
				ENABLE_STRICT_OBJC_MSGSEND = YES;
				GCC_C_LANGUAGE_STANDARD = gnu99;
				GCC_NO_COMMON_BLOCKS = YES;
				GCC_WARN_64_TO_32_BIT_CONVERSION = YES;
				GCC_WARN_ABOUT_RETURN_TYPE = YES_ERROR;
				GCC_WARN_UNDECLARED_SELECTOR = YES;
				GCC_WARN_UNINITIALIZED_AUTOS = YES_AGGRESSIVE;
				GCC_WARN_UNUSED_FUNCTION = YES;
				GCC_WARN_UNUSED_VARIABLE = YES;
				MACOSX_DEPLOYMENT_TARGET = 10.11;
				MTL_ENABLE_DEBUG_INFO = NO;
				SDKROOT = macosx;
			};
			name = Release;
		};
		363A40D81BB7F7C800342C0E /* Debug */ = {
			isa = XCBuildConfiguration;
			buildSettings = {
				PRODUCT_NAME = "$(TARGET_NAME)";
			};
			name = Debug;
		};
		363A40D91BB7F7C800342C0E /* Release */ = {
			isa = XCBuildConfiguration;
			buildSettings = {
				PRODUCT_NAME = "$(TARGET_NAME)";
			};
			name = Release;
		};
/* End XCBuildConfiguration section */

/* Begin XCConfigurationList section */
		363A40CB1BB7F7C800342C0E /* Build configuration list for PBXProject "Nv16To422" */ = {
			isa = XCConfigurationList;
			buildConfigurations = (
				363A40D51BB7F7C800342C0E /* Debug */,
				363A40D61BB7F7C800342C0E /* Release */,
			);
			defaultConfigurationIsVisible = 0;
			defaultConfigurationName = Release;
		};
		363A40D71BB7F7C800342C0E /* Build configuration list for PBXNativeTarget "Nv16To422" */ = {
			isa = XCConfigurationList;
			buildConfigurations = (
				363A40D81BB7F7C800342C0E /* Debug */,
				363A40D91BB7F7C800342C0E /* Release */,
			);
			defaultConfigurationIsVisible = 0;
			defaultConfigurationName = Release;
		};
/* End XCConfigurationList section */
	};
	rootObject = 363A40C81BB7F7C800342C0E /* Project object */;
}
